
Microsoft Visual Studio Solution File, Format Version 12.00
# Visual Studio Version 17
VisualStudioVersion = 17.12.35707.178
MinimumVisualStudioVersion = 10.0.40219.1
Project("{FAE04EC0-301F-11D3-BF4B-00C04F79EFBC}") = "AssesmentUC.Api", "ApiAssesmentUC\AssesmentUC.Api.csproj", "{9AC71455-5520-48E0-A0B4-836E52B9C69E}"
EndProject
Project("{FAE04EC0-301F-11D3-BF4B-00C04F79EFBC}") = "AssesmentUC.Service", "AssesmentUC.Service\AssesmentUC.Service.csproj", "{06A08E6F-2E8B-4BC4-8D27-74F93DBACDDA}"
EndProject
Project("{FAE04EC0-301F-11D3-BF4B-00C04F79EFBC}") = "AssesmentUC.Model", "AssesmentUC.Model\AssesmentUC.Model.csproj", "{FD3A5A94-2519-43FA-BBFE-ED8916A67967}"
EndProject
Project("{FAE04EC0-301F-11D3-BF4B-00C04F79EFBC}") = "AssesmentUC.Infrastructure", "AssesmentUC.Infrastructure\AssesmentUC.Infrastructure.csproj", "{905D1D56-192A-44B4-8F32-239B8EF48488}"
EndProject
Global
	GlobalSection(SolutionConfigurationPlatforms) = preSolution
		Debug|Any CPU = Debug|Any CPU
		Release|Any CPU = Release|Any CPU
	EndGlobalSection
	GlobalSection(ProjectConfigurationPlatforms) = postSolution
		{9AC71455-5520-48E0-A0B4-836E52B9C69E}.Debug|Any CPU.ActiveCfg = Debug|Any CPU
		{9AC71455-5520-48E0-A0B4-836E52B9C69E}.Debug|Any CPU.Build.0 = Debug|Any CPU
		{9AC71455-5520-48E0-A0B4-836E52B9C69E}.Release|Any CPU.ActiveCfg = Release|Any CPU
		{9AC71455-5520-48E0-A0B4-836E52B9C69E}.Release|Any CPU.Build.0 = Release|Any CPU
		{06A08E6F-2E8B-4BC4-8D27-74F93DBACDDA}.Debug|Any CPU.ActiveCfg = Debug|Any CPU
		{06A08E6F-2E8B-4BC4-8D27-74F93DBACDDA}.Debug|Any CPU.Build.0 = Debug|Any CPU
		{06A08E6F-2E8B-4BC4-8D27-74F93DBACDDA}.Release|Any CPU.ActiveCfg = Release|Any CPU
		{06A08E6F-2E8B-4BC4-8D27-74F93DBACDDA}.Release|Any CPU.Build.0 = Release|Any CPU
		{FD3A5A94-2519-43FA-BBFE-ED8916A67967}.Debug|Any CPU.ActiveCfg = Debug|Any CPU
		{FD3A5A94-2519-43FA-BBFE-ED8916A67967}.Debug|Any CPU.Build.0 = Debug|Any CPU
		{FD3A5A94-2519-43FA-BBFE-ED8916A67967}.Release|Any CPU.ActiveCfg = Release|Any CPU
		{FD3A5A94-2519-43FA-BBFE-ED8916A67967}.Release|Any CPU.Build.0 = Release|Any CPU
		{905D1D56-192A-44B4-8F32-239B8EF48488}.Debug|Any CPU.ActiveCfg = Debug|Any CPU
		{905D1D56-192A-44B4-8F32-239B8EF48488}.Debug|Any CPU.Build.0 = Debug|Any CPU
		{905D1D56-192A-44B4-8F32-239B8EF48488}.Release|Any CPU.ActiveCfg = Release|Any CPU
		{905D1D56-192A-44B4-8F32-239B8EF48488}.Release|Any CPU.Build.0 = Release|Any CPU
	EndGlobalSection
	GlobalSection(SolutionProperties) = preSolution
		HideSolutionNode = FALSE
	EndGlobalSection
EndGlobal
